{
  "version": 4,
  "terraform_version": "0.14.7",
  "serial": 136,
  "lineage": "7ccb35b5-7485-c017-38e1-9f2d55a40e1d",
  "outputs": {
    "bucket_arn": {
      "value": "arn:aws:s3:::autom84good-static-website-hosting-on-aws",
      "type": "string"
    },
    "bucket_id": {
      "value": "autom84good-static-website-hosting-on-aws",
      "type": "string"
    },
    "bucket_website_endpoint": {
      "value": "autom84good-static-website-hosting-on-aws.s3-website-us-east-1.amazonaws.com",
      "type": "string"
    },
    "certificate_arn": {
      "value": "arn:aws:acm:us-east-1:920394549028:certificate/ae4b0edc-7b8d-42db-bec2-bff2e858904c",
      "type": "string"
    },
    "certificate_domain_validation_options": {
      "value": [
        {
          "domain_name": "sojicar.com",
          "resource_record_name": "_553d61de6150cb66d6873f119ddad2b3.sojicar.com.",
          "resource_record_type": "CNAME",
          "resource_record_value": "_2e5c37638368ec11f285f310bddec255.nfyddsqlcy.acm-validations.aws."
        }
      ],
      "type": [
        "set",
        [
          "object",
          {
            "domain_name": "string",
            "resource_record_name": "string",
            "resource_record_type": "string",
            "resource_record_value": "string"
          }
        ]
      ]
    },
    "route_53_hosted_zone": {
      "value": "Z3AQBSTGFYJSTF",
      "type": "string"
    }
  },
  "resources": [
    {
      "mode": "data",
      "type": "aws_iam_policy_document",
      "name": "bucket_website_hosting",
      "provider": "provider[\"registry.terraform.io/hashicorp/aws\"]",
      "instances": [
        {
          "schema_version": 0,
          "attributes": {
            "id": "1698190002",
            "json": "{\n  \"Version\": \"2012-10-17\",\n  \"Statement\": [\n    {\n      \"Sid\": \"\",\n      \"Effect\": \"Allow\",\n      \"Action\": [\n        \"s3:ListBucket\",\n        \"s3:GetObject\"\n      ],\n      \"Resource\": [\n        \"arn:aws:s3:::autom84good-static-website-hosting-on-aws/*\",\n        \"arn:aws:s3:::autom84good-static-website-hosting-on-aws\"\n      ],\n      \"Principal\": {\n        \"AWS\": \"arn:aws:iam::cloudfront:user/CloudFront Origin Access Identity ERZ396ICKA7V4\"\n      }\n    }\n  ]\n}",
            "override_json": null,
            "override_policy_documents": null,
            "policy_id": null,
            "source_json": null,
            "source_policy_documents": null,
            "statement": [
              {
                "actions": [
                  "s3:GetObject",
                  "s3:ListBucket"
                ],
                "condition": [],
                "effect": "Allow",
                "not_actions": [],
                "not_principals": [],
                "not_resources": [],
                "principals": [
                  {
                    "identifiers": [
                      "arn:aws:iam::cloudfront:user/CloudFront Origin Access Identity ERZ396ICKA7V4"
                    ],
                    "type": "AWS"
                  }
                ],
                "resources": [
                  "arn:aws:s3:::autom84good-static-website-hosting-on-aws",
                  "arn:aws:s3:::autom84good-static-website-hosting-on-aws/*"
                ],
                "sid": ""
              }
            ],
            "version": "2012-10-17"
          },
          "sensitive_attributes": []
        }
      ]
    },
    {
      "mode": "managed",
      "type": "aws_acm_certificate",
      "name": "certificate",
      "provider": "provider[\"registry.terraform.io/hashicorp/aws\"]",
      "instances": [
        {
          "schema_version": 0,
          "attributes": {
            "arn": "arn:aws:acm:us-east-1:920394549028:certificate/ae4b0edc-7b8d-42db-bec2-bff2e858904c",
            "certificate_authority_arn": "",
            "certificate_body": null,
            "certificate_chain": null,
            "domain_name": "sojicar.com",
            "domain_validation_options": [
              {
                "domain_name": "sojicar.com",
                "resource_record_name": "_553d61de6150cb66d6873f119ddad2b3.sojicar.com.",
                "resource_record_type": "CNAME",
                "resource_record_value": "_2e5c37638368ec11f285f310bddec255.nfyddsqlcy.acm-validations.aws."
              }
            ],
            "id": "arn:aws:acm:us-east-1:920394549028:certificate/ae4b0edc-7b8d-42db-bec2-bff2e858904c",
            "options": [
              {
                "certificate_transparency_logging_preference": "ENABLED"
              }
            ],
            "private_key": null,
            "status": "ISSUED",
            "subject_alternative_names": [],
            "tags": {},
            "validation_emails": [],
            "validation_method": "DNS"
          },
          "sensitive_attributes": [],
          "private": "bnVsbA==",
          "create_before_destroy": true
        }
      ]
    },
    {
      "mode": "managed",
      "type": "aws_acm_certificate_validation",
      "name": "certificate",
      "provider": "provider[\"registry.terraform.io/hashicorp/aws\"]",
      "instances": [
        {
          "schema_version": 0,
          "attributes": {
            "certificate_arn": "arn:aws:acm:us-east-1:920394549028:certificate/ae4b0edc-7b8d-42db-bec2-bff2e858904c",
            "id": "2021-03-17 16:13:11 +0000 UTC",
            "timeouts": null,
            "validation_record_fqdns": [
              "_553d61de6150cb66d6873f119ddad2b3.sojicar.com"
            ]
          },
          "sensitive_attributes": [],
          "private": "eyJlMmJmYjczMC1lY2FhLTExZTYtOGY4OC0zNDM2M2JjN2M0YzAiOnsiY3JlYXRlIjoyNzAwMDAwMDAwMDAwfX0=",
          "dependencies": [
            "aws_acm_certificate.certificate",
            "aws_route53_record.certificate_validation",
            "aws_route53_zone.primary"
          ]
        }
      ]
    },
    {
      "mode": "managed",
      "type": "aws_cloudfront_origin_access_identity",
      "name": "origin_access_identity",
      "provider": "provider[\"registry.terraform.io/hashicorp/aws\"]",
      "instances": [
        {
          "schema_version": 0,
          "attributes": {
            "caller_reference": "terraform-20210317161257295400000001",
            "cloudfront_access_identity_path": "origin-access-identity/cloudfront/ERZ396ICKA7V4",
            "comment": null,
            "etag": "E2FQMSZZGIKJS3",
            "iam_arn": "arn:aws:iam::cloudfront:user/CloudFront Origin Access Identity ERZ396ICKA7V4",
            "id": "ERZ396ICKA7V4",
            "s3_canonical_user_id": "183570d5e1857b6943a57d2aaef88ee7c5e2bb2766fbe014697d409672b5b311859830bdb82e5479a5ed39ba391ef420"
          },
          "sensitive_attributes": [],
          "private": "bnVsbA=="
        }
      ]
    },
    {
      "mode": "managed",
      "type": "aws_route53_record",
      "name": "certificate_validation",
      "provider": "provider[\"registry.terraform.io/hashicorp/aws\"]",
      "instances": [
        {
          "index_key": "sojicar.com",
          "schema_version": 2,
          "attributes": {
            "alias": [],
            "allow_overwrite": true,
            "failover_routing_policy": [],
            "fqdn": "_553d61de6150cb66d6873f119ddad2b3.sojicar.com",
            "geolocation_routing_policy": [],
            "health_check_id": "",
            "id": "Z024633532N2I9Y9P9QPA__553d61de6150cb66d6873f119ddad2b3.sojicar.com._CNAME",
            "latency_routing_policy": [],
            "multivalue_answer_routing_policy": null,
            "name": "_553d61de6150cb66d6873f119ddad2b3.sojicar.com",
            "records": [
              "_2e5c37638368ec11f285f310bddec255.nfyddsqlcy.acm-validations.aws."
            ],
            "set_identifier": "",
            "ttl": 60,
            "type": "CNAME",
            "weighted_routing_policy": [],
            "zone_id": "Z024633532N2I9Y9P9QPA"
          },
          "sensitive_attributes": [],
          "private": "eyJzY2hlbWFfdmVyc2lvbiI6IjIifQ==",
          "dependencies": [
            "aws_acm_certificate.certificate",
            "aws_route53_zone.primary"
          ]
        }
      ]
    },
    {
      "mode": "managed",
      "type": "aws_route53_record",
      "name": "www",
      "provider": "provider[\"registry.terraform.io/hashicorp/aws\"]",
      "instances": []
    },
    {
      "mode": "managed",
      "type": "aws_route53_zone",
      "name": "primary",
      "provider": "provider[\"registry.terraform.io/hashicorp/aws\"]",
      "instances": [
        {
          "schema_version": 0,
          "attributes": {
            "comment": "Managed by Terraform",
            "delegation_set_id": "",
            "force_destroy": false,
            "id": "Z024633532N2I9Y9P9QPA",
            "name": "sojicar.com",
            "name_servers": [
              "ns-1171.awsdns-18.org",
              "ns-1540.awsdns-00.co.uk",
              "ns-268.awsdns-33.com",
              "ns-656.awsdns-18.net"
            ],
            "tags": {},
            "vpc": [],
            "zone_id": "Z024633532N2I9Y9P9QPA"
          },
          "sensitive_attributes": [],
          "private": "bnVsbA=="
        }
      ]
    },
    {
      "mode": "managed",
      "type": "aws_s3_bucket",
      "name": "website_static_files",
      "provider": "provider[\"registry.terraform.io/hashicorp/aws\"]",
      "instances": [
        {
          "schema_version": 0,
          "attributes": {
            "acceleration_status": "",
            "acl": "private",
            "arn": "arn:aws:s3:::autom84good-static-website-hosting-on-aws",
            "bucket": "autom84good-static-website-hosting-on-aws",
            "bucket_domain_name": "autom84good-static-website-hosting-on-aws.s3.amazonaws.com",
            "bucket_prefix": null,
            "bucket_regional_domain_name": "autom84good-static-website-hosting-on-aws.s3.amazonaws.com",
            "cors_rule": [],
            "force_destroy": true,
            "grant": [],
            "hosted_zone_id": "Z3AQBSTGFYJSTF",
            "id": "autom84good-static-website-hosting-on-aws",
            "lifecycle_rule": [],
            "logging": [],
            "object_lock_configuration": [],
            "policy": "{\"Statement\":[{\"Action\":[\"s3:ListBucket\",\"s3:GetObject\"],\"Effect\":\"Allow\",\"Principal\":{\"AWS\":\"arn:aws:iam::cloudfront:user/CloudFront Origin Access Identity ERZ396ICKA7V4\"},\"Resource\":[\"arn:aws:s3:::autom84good-static-website-hosting-on-aws/*\",\"arn:aws:s3:::autom84good-static-website-hosting-on-aws\"],\"Sid\":\"\"}],\"Version\":\"2012-10-17\"}",
            "region": "us-east-1",
            "replication_configuration": [],
            "request_payer": "BucketOwner",
            "server_side_encryption_configuration": [],
            "tags": {},
            "versioning": [
              {
                "enabled": false,
                "mfa_delete": false
              }
            ],
            "website": [
              {
                "error_document": "",
                "index_document": "index.html",
                "redirect_all_requests_to": "",
                "routing_rules": ""
              }
            ],
            "website_domain": "s3-website-us-east-1.amazonaws.com",
            "website_endpoint": "autom84good-static-website-hosting-on-aws.s3-website-us-east-1.amazonaws.com"
          },
          "sensitive_attributes": [],
          "private": "bnVsbA==",
          "dependencies": [
            "data.aws_iam_policy_document.bucket_website_hosting"
          ]
        }
      ]
    },
    {
      "mode": "managed",
      "type": "null_resource",
      "name": "upload_static_files",
      "provider": "provider[\"registry.terraform.io/hashicorp/null\"]",
      "instances": [
        {
          "schema_version": 0,
          "attributes": {
            "id": "4692199011144064735",
            "triggers": null
          },
          "sensitive_attributes": [],
          "private": "bnVsbA==",
          "dependencies": [
            "aws_cloudfront_origin_access_identity.origin_access_identity",
            "aws_s3_bucket.website_static_files",
            "data.aws_iam_policy_document.bucket_website_hosting"
          ]
        }
      ]
    }
  ]
}
