{
  "version": 4,
  "terraform_version": "0.14.7",
  "serial": 41,
  "lineage": "7ccb35b5-7485-c017-38e1-9f2d55a40e1d",
  "outputs": {
    "bucket_arn": {
      "value": "arn:aws:s3:::autom84good-static-website-hosting-on-aws",
      "type": "string"
    },
    "bucket_id": {
      "value": "autom84good-static-website-hosting-on-aws",
      "type": "string"
    },
    "bucket_website_endpoint": {
      "value": "autom84good-static-website-hosting-on-aws.s3-website-us-east-1.amazonaws.com",
      "type": "string"
    },
    "test1": {
      "value": "Z3AQBSTGFYJSTF",
      "type": "string"
    },
    "test2": {
      "value": [
        {
          "domain_name": "autom84good.com",
          "resource_record_name": "_c0fa80d71d14a9b868bdf1a17d1d5bf6.autom84good.com.",
          "resource_record_type": "CNAME",
          "resource_record_value": "_beb4288a8bf0e759561ab86fc1fa5abd.nfyddsqlcy.acm-validations.aws."
        }
      ],
      "type": [
        "set",
        [
          "object",
          {
            "domain_name": "string",
            "resource_record_name": "string",
            "resource_record_type": "string",
            "resource_record_value": "string"
          }
        ]
      ]
    },
    "test3": {
      "value": "arn:aws:acm:us-east-1:920394549028:certificate/b2c90eb6-3549-4bb4-90ba-65260d488cd2",
      "type": "string"
    }
  },
  "resources": [
    {
      "mode": "data",
      "type": "aws_iam_policy_document",
      "name": "bucket_website_hosting",
      "provider": "provider[\"registry.terraform.io/hashicorp/aws\"]",
      "instances": [
        {
          "schema_version": 0,
          "attributes": {
            "id": "650039061",
            "json": "{\n  \"Version\": \"2012-10-17\",\n  \"Statement\": [\n    {\n      \"Sid\": \"\",\n      \"Effect\": \"Allow\",\n      \"Action\": \"s3:GetObject\",\n      \"Resource\": \"arn:aws:s3:::autom84good-static-website-hosting-on-aws/*\",\n      \"Principal\": {\n        \"AWS\": \"*\"\n      }\n    }\n  ]\n}",
            "override_json": null,
            "override_policy_documents": null,
            "policy_id": null,
            "source_json": null,
            "source_policy_documents": null,
            "statement": [
              {
                "actions": [
                  "s3:GetObject"
                ],
                "condition": [],
                "effect": "Allow",
                "not_actions": [],
                "not_principals": [],
                "not_resources": [],
                "principals": [
                  {
                    "identifiers": [
                      "*"
                    ],
                    "type": "AWS"
                  }
                ],
                "resources": [
                  "arn:aws:s3:::autom84good-static-website-hosting-on-aws/*"
                ],
                "sid": ""
              }
            ],
            "version": "2012-10-17"
          },
          "sensitive_attributes": []
        }
      ]
    },
    {
      "mode": "managed",
      "type": "aws_acm_certificate",
      "name": "certificate",
      "provider": "provider[\"registry.terraform.io/hashicorp/aws\"]",
      "instances": [
        {
          "schema_version": 0,
          "attributes": {
            "arn": "arn:aws:acm:us-east-1:920394549028:certificate/b2c90eb6-3549-4bb4-90ba-65260d488cd2",
            "certificate_authority_arn": "",
            "certificate_body": null,
            "certificate_chain": null,
            "domain_name": "autom84good.com",
            "domain_validation_options": [
              {
                "domain_name": "autom84good.com",
                "resource_record_name": "_c0fa80d71d14a9b868bdf1a17d1d5bf6.autom84good.com.",
                "resource_record_type": "CNAME",
                "resource_record_value": "_beb4288a8bf0e759561ab86fc1fa5abd.nfyddsqlcy.acm-validations.aws."
              }
            ],
            "id": "arn:aws:acm:us-east-1:920394549028:certificate/b2c90eb6-3549-4bb4-90ba-65260d488cd2",
            "options": [
              {
                "certificate_transparency_logging_preference": "ENABLED"
              }
            ],
            "private_key": null,
            "status": "PENDING_VALIDATION",
            "subject_alternative_names": [],
            "tags": null,
            "validation_emails": [],
            "validation_method": "DNS"
          },
          "sensitive_attributes": [],
          "private": "bnVsbA==",
          "create_before_destroy": true
        }
      ]
    },
    {
      "mode": "managed",
      "type": "aws_acm_certificate_validation",
      "name": "certificate",
      "provider": "provider[\"registry.terraform.io/hashicorp/aws\"]",
      "instances": []
    },
    {
      "mode": "managed",
      "type": "aws_route53_record",
      "name": "certificate_validation",
      "provider": "provider[\"registry.terraform.io/hashicorp/aws\"]",
      "instances": [
        {
          "index_key": 0,
          "schema_version": 2,
          "attributes": {
            "alias": [],
            "allow_overwrite": null,
            "failover_routing_policy": [],
            "fqdn": "_c0fa80d71d14a9b868bdf1a17d1d5bf6.autom84good.com",
            "geolocation_routing_policy": [],
            "health_check_id": null,
            "id": "Z0359756OK43AYAMX6DV__c0fa80d71d14a9b868bdf1a17d1d5bf6.autom84good.com._CNAME",
            "latency_routing_policy": [],
            "multivalue_answer_routing_policy": null,
            "name": "_c0fa80d71d14a9b868bdf1a17d1d5bf6.autom84good.com",
            "records": [
              "_beb4288a8bf0e759561ab86fc1fa5abd.nfyddsqlcy.acm-validations.aws."
            ],
            "set_identifier": null,
            "ttl": 60,
            "type": "CNAME",
            "weighted_routing_policy": [],
            "zone_id": "Z0359756OK43AYAMX6DV"
          },
          "sensitive_attributes": [],
          "private": "eyJzY2hlbWFfdmVyc2lvbiI6IjIifQ==",
          "dependencies": [
            "aws_acm_certificate.certificate",
            "aws_route53_zone.primary"
          ]
        }
      ]
    },
    {
      "mode": "managed",
      "type": "aws_route53_record",
      "name": "www",
      "provider": "provider[\"registry.terraform.io/hashicorp/aws\"]",
      "instances": [
        {
          "schema_version": 2,
          "attributes": {
            "alias": [
              {
                "evaluate_target_health": false,
                "name": "s3-website-us-east-1.amazonaws.com",
                "zone_id": "Z3AQBSTGFYJSTF"
              }
            ],
            "allow_overwrite": null,
            "failover_routing_policy": [],
            "fqdn": "autom84good.com",
            "geolocation_routing_policy": [],
            "health_check_id": null,
            "id": "Z0359756OK43AYAMX6DV_autom84good.com_A",
            "latency_routing_policy": [],
            "multivalue_answer_routing_policy": null,
            "name": "autom84good.com",
            "records": null,
            "set_identifier": null,
            "ttl": null,
            "type": "A",
            "weighted_routing_policy": [],
            "zone_id": "Z0359756OK43AYAMX6DV"
          },
          "sensitive_attributes": [],
          "private": "eyJzY2hlbWFfdmVyc2lvbiI6IjIifQ==",
          "dependencies": [
            "aws_route53_zone.primary",
            "aws_s3_bucket.website_static_files",
            "data.aws_iam_policy_document.bucket_website_hosting"
          ]
        }
      ]
    },
    {
      "mode": "managed",
      "type": "aws_route53_zone",
      "name": "primary",
      "provider": "provider[\"registry.terraform.io/hashicorp/aws\"]",
      "instances": [
        {
          "schema_version": 0,
          "attributes": {
            "comment": "Managed by Terraform",
            "delegation_set_id": "",
            "force_destroy": false,
            "id": "Z0359756OK43AYAMX6DV",
            "name": "autom84good.com",
            "name_servers": [
              "ns-1202.awsdns-22.org",
              "ns-1838.awsdns-37.co.uk",
              "ns-194.awsdns-24.com",
              "ns-995.awsdns-60.net"
            ],
            "tags": null,
            "vpc": [],
            "zone_id": "Z0359756OK43AYAMX6DV"
          },
          "sensitive_attributes": [],
          "private": "bnVsbA=="
        }
      ]
    },
    {
      "mode": "managed",
      "type": "aws_s3_bucket",
      "name": "website_static_files",
      "provider": "provider[\"registry.terraform.io/hashicorp/aws\"]",
      "instances": [
        {
          "schema_version": 0,
          "attributes": {
            "acceleration_status": "",
            "acl": "public-read",
            "arn": "arn:aws:s3:::autom84good-static-website-hosting-on-aws",
            "bucket": "autom84good-static-website-hosting-on-aws",
            "bucket_domain_name": "autom84good-static-website-hosting-on-aws.s3.amazonaws.com",
            "bucket_prefix": null,
            "bucket_regional_domain_name": "autom84good-static-website-hosting-on-aws.s3.amazonaws.com",
            "cors_rule": [],
            "force_destroy": true,
            "grant": [],
            "hosted_zone_id": "Z3AQBSTGFYJSTF",
            "id": "autom84good-static-website-hosting-on-aws",
            "lifecycle_rule": [],
            "logging": [],
            "object_lock_configuration": [],
            "policy": "{\"Statement\":[{\"Action\":\"s3:GetObject\",\"Effect\":\"Allow\",\"Principal\":{\"AWS\":\"*\"},\"Resource\":\"arn:aws:s3:::autom84good-static-website-hosting-on-aws/*\",\"Sid\":\"\"}],\"Version\":\"2012-10-17\"}",
            "region": "us-east-1",
            "replication_configuration": [],
            "request_payer": "BucketOwner",
            "server_side_encryption_configuration": [],
            "tags": null,
            "versioning": [
              {
                "enabled": false,
                "mfa_delete": false
              }
            ],
            "website": [
              {
                "error_document": "",
                "index_document": "index.html",
                "redirect_all_requests_to": "",
                "routing_rules": ""
              }
            ],
            "website_domain": "s3-website-us-east-1.amazonaws.com",
            "website_endpoint": "autom84good-static-website-hosting-on-aws.s3-website-us-east-1.amazonaws.com"
          },
          "sensitive_attributes": [],
          "private": "bnVsbA==",
          "dependencies": [
            "data.aws_iam_policy_document.bucket_website_hosting"
          ]
        }
      ]
    },
    {
      "mode": "managed",
      "type": "null_resource",
      "name": "upload_static_files",
      "provider": "provider[\"registry.terraform.io/hashicorp/null\"]",
      "instances": [
        {
          "schema_version": 0,
          "attributes": {
            "id": "2012583193922328704",
            "triggers": null
          },
          "sensitive_attributes": [],
          "private": "bnVsbA==",
          "dependencies": [
            "aws_s3_bucket.website_static_files",
            "data.aws_iam_policy_document.bucket_website_hosting"
          ]
        }
      ]
    }
  ]
}
